<?xml version="1.0" encoding="utf-8"?>
<Project ToolsVersion="4.0" xmlns="http://schemas.microsoft.com/developer/msbuild/2003">
  <ItemGroup>
    <ClCompile Include="NextAPI\App\app.cpp">
      <Filter>NextAPI\App</Filter>
    </ClCompile>
    <ClCompile Include="NextAPI\App\DirectSound.cpp">
      <Filter>NextAPI\App</Filter>
    </ClCompile>
    <ClCompile Include="NextAPI\App\main.cpp">
      <Filter>NextAPI\App</Filter>
    </ClCompile>
    <ClCompile Include="NextAPI\App\SimpleController.cpp">
      <Filter>NextAPI\App</Filter>
    </ClCompile>
    <ClCompile Include="NextAPI\App\SimpleSound.cpp">
      <Filter>NextAPI\App</Filter>
    </ClCompile>
    <ClCompile Include="NextAPI\App\SimpleSprite.cpp">
      <Filter>NextAPI\App</Filter>
    </ClCompile>
    <ClCompile Include="NextAPI\stdafx.cpp">
      <Filter>NextAPI</Filter>
    </ClCompile>
    <ClCompile Include="NextAPI\App\stb_image\stb_image.cpp">
      <Filter>NextAPI\App\stb_image</Filter>
    </ClCompile>
    <ClCompile Include="src\Game.cpp">
      <Filter>src</Filter>
    </ClCompile>
    <ClCompile Include="src\Renderer\Renderer.cpp">
      <Filter>src\Renderer</Filter>
    </ClCompile>
    <ClCompile Include="src\Graphics3D\Graphics3D.cpp">
      <Filter>src\Graphics3D</Filter>
    </ClCompile>
    <ClCompile Include="src\Graphics3D\Camera\Camera.cpp">
      <Filter>src\Graphics3D\Camera</Filter>
    </ClCompile>
    <ClCompile Include="src\Graphics3D\Color\Color.cpp">
      <Filter>src\Graphics3D\Color</Filter>
    </ClCompile>
    <ClCompile Include="src\Graphics3D\Mesh\Mesh.cpp">
      <Filter>src\Graphics3D\Mesh</Filter>
    </ClCompile>
    <ClCompile Include="src\Math\Matrix\Matrix.cpp">
      <Filter>src\Math\Matrix</Filter>
    </ClCompile>
    <ClCompile Include="src\Math\Triangle\Triangle.cpp">
      <Filter>src\Math\Triangle</Filter>
    </ClCompile>
    <ClCompile Include="src\Math\Vector3\Vector3.cpp">
      <Filter>src\Math\Vector3</Filter>
    </ClCompile>
  </ItemGroup>
  <ItemGroup>
    <ClInclude Include="NextAPI\App\app.h">
      <Filter>NextAPI\App</Filter>
    </ClInclude>
    <ClInclude Include="NextAPI\App\AppSettings.h">
      <Filter>NextAPI\App</Filter>
    </ClInclude>
    <ClInclude Include="NextAPI\App\DirectSound.h">
      <Filter>NextAPI\App</Filter>
    </ClInclude>
    <ClInclude Include="NextAPI\App\main.h">
      <Filter>NextAPI\App</Filter>
    </ClInclude>
    <ClInclude Include="NextAPI\App\mydirectsound.h">
      <Filter>NextAPI\App</Filter>
    </ClInclude>
    <ClInclude Include="NextAPI\App\SimpleController.h">
      <Filter>NextAPI\App</Filter>
    </ClInclude>
    <ClInclude Include="NextAPI\App\SimpleSound.h">
      <Filter>NextAPI\App</Filter>
    </ClInclude>
    <ClInclude Include="NextAPI\App\SimpleSprite.h">
      <Filter>NextAPI\App</Filter>
    </ClInclude>
    <ClInclude Include="NextAPI\targetver.h">
      <Filter>NextAPI</Filter>
    </ClInclude>
    <ClInclude Include="NextAPI\resource.h">
      <Filter>NextAPI</Filter>
    </ClInclude>
    <ClInclude Include="NextAPI\stdafx.h">
      <Filter>NextAPI</Filter>
    </ClInclude>
    <ClInclude Include="NextAPI\App\stb_image\stb_image.h">
      <Filter>NextAPI\App\stb_image</Filter>
    </ClInclude>
    <ClInclude Include="src\Renderer\Renderer.h">
      <Filter>src\Renderer</Filter>
    </ClInclude>
    <ClInclude Include="src\Math\Math.h">
      <Filter>src\Math</Filter>
    </ClInclude>
    <ClInclude Include="src\Graphics3D\Graphics3D.h">
      <Filter>src\Graphics3D</Filter>
    </ClInclude>
    <ClInclude Include="src\Graphics3D\Camera\Camera.h">
      <Filter>src\Graphics3D\Camera</Filter>
    </ClInclude>
    <ClInclude Include="src\Graphics3D\Color\Color.h">
      <Filter>src\Graphics3D\Color</Filter>
    </ClInclude>
    <ClInclude Include="src\Graphics3D\Mesh\Mesh.h">
      <Filter>src\Graphics3D\Mesh</Filter>
    </ClInclude>
    <ClInclude Include="src\Math\Matrix\Matrix.h">
      <Filter>src\Math\Matrix</Filter>
    </ClInclude>
    <ClInclude Include="src\Math\Triangle\Triangle.h">
      <Filter>src\Math\Triangle</Filter>
    </ClInclude>
    <ClInclude Include="src\Math\Vector3\Vector3.h">
      <Filter>src\Math\Vector3</Filter>
    </ClInclude>
  </ItemGroup>
  <ItemGroup>
    <Filter Include="NextAPI">
      <UniqueIdentifier>{f318918d-bb9f-4402-ae1c-4f72186d16f6}</UniqueIdentifier>
    </Filter>
    <Filter Include="NextAPI\App">
      <UniqueIdentifier>{e3820b50-2bac-4432-b109-11ac68e4e097}</UniqueIdentifier>
    </Filter>
    <Filter Include="NextAPI\App\stb_image">
      <UniqueIdentifier>{27290eab-71af-4e9d-843b-f68dd002547a}</UniqueIdentifier>
    </Filter>
    <Filter Include="src">
      <UniqueIdentifier>{44e6517c-1fa5-437a-9a95-056bb07fe83c}</UniqueIdentifier>
    </Filter>
    <Filter Include="src\Graphics3D">
      <UniqueIdentifier>{19044258-15d6-4918-9714-a744202ee6ea}</UniqueIdentifier>
    </Filter>
    <Filter Include="src\Math">
      <UniqueIdentifier>{15f2966b-f57c-4611-9e24-2fa01c5b757c}</UniqueIdentifier>
    </Filter>
    <Filter Include="src\Renderer">
      <UniqueIdentifier>{124534a4-2dce-403d-9bad-808ccd393952}</UniqueIdentifier>
    </Filter>
    <Filter Include="src\Graphics3D\Camera">
      <UniqueIdentifier>{0a2e5e4b-e353-40d5-abe3-5158d94aa687}</UniqueIdentifier>
    </Filter>
    <Filter Include="src\Graphics3D\Color">
      <UniqueIdentifier>{db225f7b-a2c6-43e6-856c-6f29dc66d451}</UniqueIdentifier>
    </Filter>
    <Filter Include="src\Graphics3D\Mesh">
      <UniqueIdentifier>{6547cc99-dac7-4403-93f4-2ae80a04526b}</UniqueIdentifier>
    </Filter>
    <Filter Include="src\Math\Matrix">
      <UniqueIdentifier>{dbff6e02-40cc-4557-883a-60ece3e52c41}</UniqueIdentifier>
    </Filter>
    <Filter Include="src\Math\Triangle">
      <UniqueIdentifier>{fbf5b1e8-7c19-494c-9ac0-1bb2959a22a4}</UniqueIdentifier>
    </Filter>
    <Filter Include="src\Math\Vector3">
      <UniqueIdentifier>{6c1d59ee-5a33-49fe-ba55-fca38b3f672b}</UniqueIdentifier>
    </Filter>
  </ItemGroup>
  <ItemGroup>
    <ResourceCompile Include="UbiNext2024.rc" />
  </ItemGroup>
</Project>